
Microsoft Visual Studio Solution File, Format Version 12.00
# Visual Studio Version 16
VisualStudioVersion = 16.0.32228.343
MinimumVisualStudioVersion = 10.0.40219.1
Project("{FAE04EC0-301F-11D3-BF4B-00C04F79EFBC}") = "Lab2_Demo", "Lab2_Demo.csproj", "{26176ED0-D4AF-483D-A39F-1A5C8433F37A}"
EndProject
Global
	GlobalSection(SolutionConfigurationPlatforms) = preSolution
		Debug|Any CPU = Debug|Any CPU
		Release|Any CPU = Release|Any CPU
	EndGlobalSection
	GlobalSection(ProjectConfigurationPlatforms) = postSolution
		{26176ED0-D4AF-483D-A39F-1A5C8433F37A}.Debug|Any CPU.ActiveCfg = Debug|Any CPU
		{26176ED0-D4AF-483D-A39F-1A5C8433F37A}.Debug|Any CPU.Build.0 = Debug|Any CPU
		{26176ED0-D4AF-483D-A39F-1A5C8433F37A}.Release|Any CPU.ActiveCfg = Release|Any CPU
		{26176ED0-D4AF-483D-A39F-1A5C8433F37A}.Release|Any CPU.Build.0 = Release|Any CPU
	EndGlobalSection
	GlobalSection(SolutionProperties) = preSolution
		HideSolutionNode = FALSE
	EndGlobalSection
	GlobalSection(ExtensibilityGlobals) = postSolution
		SolutionGuid = {8EFD6A95-93DE-493F-B544-996EDD0EC518}
	EndGlobalSection
EndGlobal
