
Microsoft Visual Studio Solution File, Format Version 12.00
# Visual Studio Version 16
VisualStudioVersion = 16.0.32228.343
MinimumVisualStudioVersion = 10.0.40219.1
Project("{FAE04EC0-301F-11D3-BF4B-00C04F79EFBC}") = "Lab5", "Lab5.csproj", "{60223AB7-9DB1-4F34-94E1-C8BE495CC299}"
EndProject
Global
	GlobalSection(SolutionConfigurationPlatforms) = preSolution
		Debug|Any CPU = Debug|Any CPU
		Release|Any CPU = Release|Any CPU
	EndGlobalSection
	GlobalSection(ProjectConfigurationPlatforms) = postSolution
		{60223AB7-9DB1-4F34-94E1-C8BE495CC299}.Debug|Any CPU.ActiveCfg = Debug|Any CPU
		{60223AB7-9DB1-4F34-94E1-C8BE495CC299}.Debug|Any CPU.Build.0 = Debug|Any CPU
		{60223AB7-9DB1-4F34-94E1-C8BE495CC299}.Release|Any CPU.ActiveCfg = Release|Any CPU
		{60223AB7-9DB1-4F34-94E1-C8BE495CC299}.Release|Any CPU.Build.0 = Release|Any CPU
	EndGlobalSection
	GlobalSection(SolutionProperties) = preSolution
		HideSolutionNode = FALSE
	EndGlobalSection
	GlobalSection(ExtensibilityGlobals) = postSolution
		SolutionGuid = {3B19A0AF-23AA-4132-8CC6-CE66B6933C78}
	EndGlobalSection
EndGlobal
